// !$*UTF8*$!
{
	archiveVersion = 1;
	classes = {
	};
	objectVersion = 50;
	objects = {

/* Begin PBXBuildFile section */
		4E55AF2F25BD7F7A00BCE0F8 /* AppDelegate.swift in Sources */ = {isa = PBXBuildFile; fileRef = 4E55AF2E25BD7F7A00BCE0F8 /* AppDelegate.swift */; };
		4E55AF3325BD7F7A00BCE0F8 /* ViewController.swift in Sources */ = {isa = PBXBuildFile; fileRef = 4E55AF3225BD7F7A00BCE0F8 /* ViewController.swift */; };
		4E55AF3825BD7F8000BCE0F8 /* Assets.xcassets in Resources */ = {isa = PBXBuildFile; fileRef = 4E55AF3725BD7F8000BCE0F8 /* Assets.xcassets */; };
		4E55AF3B25BD7F8000BCE0F8 /* LaunchScreen.storyboard in Resources */ = {isa = PBXBuildFile; fileRef = 4E55AF3925BD7F8000BCE0F8 /* LaunchScreen.storyboard */; };
		4E55AF4625BD7F8100BCE0F8 /* RevenueCatTrackerTests.swift in Sources */ = {isa = PBXBuildFile; fileRef = 4E55AF4525BD7F8100BCE0F8 /* RevenueCatTrackerTests.swift */; };
		4E55AF5125BD7F8100BCE0F8 /* RevenueCatTrackerUITests.swift in Sources */ = {isa = PBXBuildFile; fileRef = 4E55AF5025BD7F8100BCE0F8 /* RevenueCatTrackerUITests.swift */; };
		CAB6C417125F514B760B09F4 /* Pods_RevenueCatTracker.framework in Frameworks */ = {isa = PBXBuildFile; fileRef = 90E54427CDF49D4B3A24EC58 /* Pods_RevenueCatTracker.framework */; };
		DE4F7A8290A90F5A4B004534 /* Pods_RevenueCatTrackerTests.framework in Frameworks */ = {isa = PBXBuildFile; fileRef = C6B5FA7DF4D13D5D5933ECF6 /* Pods_RevenueCatTrackerTests.framework */; };
		F7CE832FB185967B7C8D369B /* Pods_RevenueCatTracker_RevenueCatTrackerUITests.framework in Frameworks */ = {isa = PBXBuildFile; fileRef = E4A0C5395703A095F68F9D09 /* Pods_RevenueCatTracker_RevenueCatTrackerUITests.framework */; };
/* End PBXBuildFile section */

/* Begin PBXContainerItemProxy section */
		4E55AF4225BD7F8100BCE0F8 /* PBXContainerItemProxy */ = {
			isa = PBXContainerItemProxy;
			containerPortal = 4E55AF2325BD7F7A00BCE0F8 /* Project object */;
			proxyType = 1;
			remoteGlobalIDString = 4E55AF2A25BD7F7A00BCE0F8;
			remoteInfo = RevenueCatTracker;
		};
		4E55AF4D25BD7F8100BCE0F8 /* PBXContainerItemProxy */ = {
			isa = PBXContainerItemProxy;
			containerPortal = 4E55AF2325BD7F7A00BCE0F8 /* Project object */;
			proxyType = 1;
			remoteGlobalIDString = 4E55AF2A25BD7F7A00BCE0F8;
			remoteInfo = RevenueCatTracker;
		};
/* End PBXContainerItemProxy section */

/* Begin PBXFileReference section */
		13106D027660232042528343 /* Pods-RevenueCatTracker-RevenueCatTrackerUITests.release.xcconfig */ = {isa = PBXFileReference; includeInIndex = 1; lastKnownFileType = text.xcconfig; name = "Pods-RevenueCatTracker-RevenueCatTrackerUITests.release.xcconfig"; path = "Target Support Files/Pods-RevenueCatTracker-RevenueCatTrackerUITests/Pods-RevenueCatTracker-RevenueCatTrackerUITests.release.xcconfig"; sourceTree = "<group>"; };
		2085B164EAA783E4464B383B /* Pods-RevenueCatTracker.debug.xcconfig */ = {isa = PBXFileReference; includeInIndex = 1; lastKnownFileType = text.xcconfig; name = "Pods-RevenueCatTracker.debug.xcconfig"; path = "Target Support Files/Pods-RevenueCatTracker/Pods-RevenueCatTracker.debug.xcconfig"; sourceTree = "<group>"; };
		4B46DE55B29BBA87EF63822F /* Pods-RevenueCatTrackerTests.release.xcconfig */ = {isa = PBXFileReference; includeInIndex = 1; lastKnownFileType = text.xcconfig; name = "Pods-RevenueCatTrackerTests.release.xcconfig"; path = "Target Support Files/Pods-RevenueCatTrackerTests/Pods-RevenueCatTrackerTests.release.xcconfig"; sourceTree = "<group>"; };
		4E55AF2B25BD7F7A00BCE0F8 /* RevenueCatTracker.app */ = {isa = PBXFileReference; explicitFileType = wrapper.application; includeInIndex = 0; path = RevenueCatTracker.app; sourceTree = BUILT_PRODUCTS_DIR; };
		4E55AF2E25BD7F7A00BCE0F8 /* AppDelegate.swift */ = {isa = PBXFileReference; lastKnownFileType = sourcecode.swift; path = AppDelegate.swift; sourceTree = "<group>"; };
		4E55AF3225BD7F7A00BCE0F8 /* ViewController.swift */ = {isa = PBXFileReference; lastKnownFileType = sourcecode.swift; path = ViewController.swift; sourceTree = "<group>"; };
		4E55AF3725BD7F8000BCE0F8 /* Assets.xcassets */ = {isa = PBXFileReference; lastKnownFileType = folder.assetcatalog; path = Assets.xcassets; sourceTree = "<group>"; };
		4E55AF3A25BD7F8000BCE0F8 /* Base */ = {isa = PBXFileReference; lastKnownFileType = file.storyboard; name = Base; path = Base.lproj/LaunchScreen.storyboard; sourceTree = "<group>"; };
		4E55AF3C25BD7F8000BCE0F8 /* Info.plist */ = {isa = PBXFileReference; lastKnownFileType = text.plist.xml; path = Info.plist; sourceTree = "<group>"; };
		4E55AF4125BD7F8100BCE0F8 /* RevenueCatTrackerTests.xctest */ = {isa = PBXFileReference; explicitFileType = wrapper.cfbundle; includeInIndex = 0; path = RevenueCatTrackerTests.xctest; sourceTree = BUILT_PRODUCTS_DIR; };
		4E55AF4525BD7F8100BCE0F8 /* RevenueCatTrackerTests.swift */ = {isa = PBXFileReference; lastKnownFileType = sourcecode.swift; path = RevenueCatTrackerTests.swift; sourceTree = "<group>"; };
		4E55AF4725BD7F8100BCE0F8 /* Info.plist */ = {isa = PBXFileReference; lastKnownFileType = text.plist.xml; path = Info.plist; sourceTree = "<group>"; };
		4E55AF4C25BD7F8100BCE0F8 /* RevenueCatTrackerUITests.xctest */ = {isa = PBXFileReference; explicitFileType = wrapper.cfbundle; includeInIndex = 0; path = RevenueCatTrackerUITests.xctest; sourceTree = BUILT_PRODUCTS_DIR; };
		4E55AF5025BD7F8100BCE0F8 /* RevenueCatTrackerUITests.swift */ = {isa = PBXFileReference; lastKnownFileType = sourcecode.swift; path = RevenueCatTrackerUITests.swift; sourceTree = "<group>"; };
		4E55AF5225BD7F8100BCE0F8 /* Info.plist */ = {isa = PBXFileReference; lastKnownFileType = text.plist.xml; path = Info.plist; sourceTree = "<group>"; };
		90E54427CDF49D4B3A24EC58 /* Pods_RevenueCatTracker.framework */ = {isa = PBXFileReference; explicitFileType = wrapper.framework; includeInIndex = 0; path = Pods_RevenueCatTracker.framework; sourceTree = BUILT_PRODUCTS_DIR; };
		C6B5FA7DF4D13D5D5933ECF6 /* Pods_RevenueCatTrackerTests.framework */ = {isa = PBXFileReference; explicitFileType = wrapper.framework; includeInIndex = 0; path = Pods_RevenueCatTrackerTests.framework; sourceTree = BUILT_PRODUCTS_DIR; };
		E1677EFC813357B03C2175E8 /* Pods-RevenueCatTracker-RevenueCatTrackerUITests.debug.xcconfig */ = {isa = PBXFileReference; includeInIndex = 1; lastKnownFileType = text.xcconfig; name = "Pods-RevenueCatTracker-RevenueCatTrackerUITests.debug.xcconfig"; path = "Target Support Files/Pods-RevenueCatTracker-RevenueCatTrackerUITests/Pods-RevenueCatTracker-RevenueCatTrackerUITests.debug.xcconfig"; sourceTree = "<group>"; };
		E4A0C5395703A095F68F9D09 /* Pods_RevenueCatTracker_RevenueCatTrackerUITests.framework */ = {isa = PBXFileReference; explicitFileType = wrapper.framework; includeInIndex = 0; path = Pods_RevenueCatTracker_RevenueCatTrackerUITests.framework; sourceTree = BUILT_PRODUCTS_DIR; };
		E971FAF4A23965407119A975 /* Pods-RevenueCatTracker.release.xcconfig */ = {isa = PBXFileReference; includeInIndex = 1; lastKnownFileType = text.xcconfig; name = "Pods-RevenueCatTracker.release.xcconfig"; path = "Target Support Files/Pods-RevenueCatTracker/Pods-RevenueCatTracker.release.xcconfig"; sourceTree = "<group>"; };
		F644D123E3A0FDFF6498A497 /* Pods-RevenueCatTrackerTests.debug.xcconfig */ = {isa = PBXFileReference; includeInIndex = 1; lastKnownFileType = text.xcconfig; name = "Pods-RevenueCatTrackerTests.debug.xcconfig"; path = "Target Support Files/Pods-RevenueCatTrackerTests/Pods-RevenueCatTrackerTests.debug.xcconfig"; sourceTree = "<group>"; };
/* End PBXFileReference section */

/* Begin PBXFrameworksBuildPhase section */
		4E55AF2825BD7F7A00BCE0F8 /* Frameworks */ = {
			isa = PBXFrameworksBuildPhase;
			buildActionMask = 2147483647;
			files = (
				CAB6C417125F514B760B09F4 /* Pods_RevenueCatTracker.framework in Frameworks */,
			);
			runOnlyForDeploymentPostprocessing = 0;
		};
		4E55AF3E25BD7F8100BCE0F8 /* Frameworks */ = {
			isa = PBXFrameworksBuildPhase;
			buildActionMask = 2147483647;
			files = (
				DE4F7A8290A90F5A4B004534 /* Pods_RevenueCatTrackerTests.framework in Frameworks */,
			);
			runOnlyForDeploymentPostprocessing = 0;
		};
		4E55AF4925BD7F8100BCE0F8 /* Frameworks */ = {
			isa = PBXFrameworksBuildPhase;
			buildActionMask = 2147483647;
			files = (
				F7CE832FB185967B7C8D369B /* Pods_RevenueCatTracker_RevenueCatTrackerUITests.framework in Frameworks */,
			);
			runOnlyForDeploymentPostprocessing = 0;
		};
/* End PBXFrameworksBuildPhase section */

/* Begin PBXGroup section */
		4E55AF2225BD7F7A00BCE0F8 = {
			isa = PBXGroup;
			children = (
				4E55AF2D25BD7F7A00BCE0F8 /* RevenueCatTracker */,
				4E55AF4425BD7F8100BCE0F8 /* RevenueCatTrackerTests */,
				4E55AF4F25BD7F8100BCE0F8 /* RevenueCatTrackerUITests */,
				4E55AF2C25BD7F7A00BCE0F8 /* Products */,
				CE04F35A4B8EECB2E3472131 /* Pods */,
				A51681C21C73018D395C9F74 /* Frameworks */,
			);
			sourceTree = "<group>";
		};
		4E55AF2C25BD7F7A00BCE0F8 /* Products */ = {
			isa = PBXGroup;
			children = (
				4E55AF2B25BD7F7A00BCE0F8 /* RevenueCatTracker.app */,
				4E55AF4125BD7F8100BCE0F8 /* RevenueCatTrackerTests.xctest */,
				4E55AF4C25BD7F8100BCE0F8 /* RevenueCatTrackerUITests.xctest */,
			);
			name = Products;
			sourceTree = "<group>";
		};
		4E55AF2D25BD7F7A00BCE0F8 /* RevenueCatTracker */ = {
			isa = PBXGroup;
			children = (
				4E55AF2E25BD7F7A00BCE0F8 /* AppDelegate.swift */,
				4E55AF3225BD7F7A00BCE0F8 /* ViewController.swift */,
				4E55AF3725BD7F8000BCE0F8 /* Assets.xcassets */,
				4E55AF3925BD7F8000BCE0F8 /* LaunchScreen.storyboard */,
				4E55AF3C25BD7F8000BCE0F8 /* Info.plist */,
			);
			path = RevenueCatTracker;
			sourceTree = "<group>";
		};
		4E55AF4425BD7F8100BCE0F8 /* RevenueCatTrackerTests */ = {
			isa = PBXGroup;
			children = (
				4E55AF4525BD7F8100BCE0F8 /* RevenueCatTrackerTests.swift */,
				4E55AF4725BD7F8100BCE0F8 /* Info.plist */,
			);
			path = RevenueCatTrackerTests;
			sourceTree = "<group>";
		};
		4E55AF4F25BD7F8100BCE0F8 /* RevenueCatTrackerUITests */ = {
			isa = PBXGroup;
			children = (
				4E55AF5025BD7F8100BCE0F8 /* RevenueCatTrackerUITests.swift */,
				4E55AF5225BD7F8100BCE0F8 /* Info.plist */,
			);
			path = RevenueCatTrackerUITests;
			sourceTree = "<group>";
		};
		A51681C21C73018D395C9F74 /* Frameworks */ = {
			isa = PBXGroup;
			children = (
				90E54427CDF49D4B3A24EC58 /* Pods_RevenueCatTracker.framework */,
				E4A0C5395703A095F68F9D09 /* Pods_RevenueCatTracker_RevenueCatTrackerUITests.framework */,
				C6B5FA7DF4D13D5D5933ECF6 /* Pods_RevenueCatTrackerTests.framework */,
			);
			name = Frameworks;
			sourceTree = "<group>";
		};
		CE04F35A4B8EECB2E3472131 /* Pods */ = {
			isa = PBXGroup;
			children = (
				2085B164EAA783E4464B383B /* Pods-RevenueCatTracker.debug.xcconfig */,
				E971FAF4A23965407119A975 /* Pods-RevenueCatTracker.release.xcconfig */,
				E1677EFC813357B03C2175E8 /* Pods-RevenueCatTracker-RevenueCatTrackerUITests.debug.xcconfig */,
				13106D027660232042528343 /* Pods-RevenueCatTracker-RevenueCatTrackerUITests.release.xcconfig */,
				F644D123E3A0FDFF6498A497 /* Pods-RevenueCatTrackerTests.debug.xcconfig */,
				4B46DE55B29BBA87EF63822F /* Pods-RevenueCatTrackerTests.release.xcconfig */,
			);
			name = Pods;
			path = Pods;
			sourceTree = "<group>";
		};
/* End PBXGroup section */

/* Begin PBXNativeTarget section */
		4E55AF2A25BD7F7A00BCE0F8 /* RevenueCatTracker */ = {
			isa = PBXNativeTarget;
			buildConfigurationList = 4E55AF5525BD7F8100BCE0F8 /* Build configuration list for PBXNativeTarget "RevenueCatTracker" */;
			buildPhases = (
				9B33350C4A194E15FA30274F /* [CP] Check Pods Manifest.lock */,
				4E55AF2725BD7F7A00BCE0F8 /* Sources */,
				4E55AF2825BD7F7A00BCE0F8 /* Frameworks */,
				4E55AF2925BD7F7A00BCE0F8 /* Resources */,
				40F69394D1A00F89027F1A89 /* [CP] Embed Pods Frameworks */,
			);
			buildRules = (
			);
			dependencies = (
			);
			name = RevenueCatTracker;
			productName = RevenueCatTracker;
			productReference = 4E55AF2B25BD7F7A00BCE0F8 /* RevenueCatTracker.app */;
			productType = "com.apple.product-type.application";
		};
		4E55AF4025BD7F8100BCE0F8 /* RevenueCatTrackerTests */ = {
			isa = PBXNativeTarget;
			buildConfigurationList = 4E55AF5825BD7F8100BCE0F8 /* Build configuration list for PBXNativeTarget "RevenueCatTrackerTests" */;
			buildPhases = (
				28892FB3399543141FD6C044 /* [CP] Check Pods Manifest.lock */,
				4E55AF3D25BD7F8100BCE0F8 /* Sources */,
				4E55AF3E25BD7F8100BCE0F8 /* Frameworks */,
				4E55AF3F25BD7F8100BCE0F8 /* Resources */,
			);
			buildRules = (
			);
			dependencies = (
				4E55AF4325BD7F8100BCE0F8 /* PBXTargetDependency */,
			);
			name = RevenueCatTrackerTests;
			productName = RevenueCatTrackerTests;
			productReference = 4E55AF4125BD7F8100BCE0F8 /* RevenueCatTrackerTests.xctest */;
			productType = "com.apple.product-type.bundle.unit-test";
		};
		4E55AF4B25BD7F8100BCE0F8 /* RevenueCatTrackerUITests */ = {
			isa = PBXNativeTarget;
			buildConfigurationList = 4E55AF5B25BD7F8100BCE0F8 /* Build configuration list for PBXNativeTarget "RevenueCatTrackerUITests" */;
			buildPhases = (
				ABB18B08993FDD56CBD00C8E /* [CP] Check Pods Manifest.lock */,
				4E55AF4825BD7F8100BCE0F8 /* Sources */,
				4E55AF4925BD7F8100BCE0F8 /* Frameworks */,
				4E55AF4A25BD7F8100BCE0F8 /* Resources */,
				53BA0448158F4EC35481C926 /* [CP] Embed Pods Frameworks */,
			);
			buildRules = (
			);
			dependencies = (
				4E55AF4E25BD7F8100BCE0F8 /* PBXTargetDependency */,
			);
			name = RevenueCatTrackerUITests;
			productName = RevenueCatTrackerUITests;
			productReference = 4E55AF4C25BD7F8100BCE0F8 /* RevenueCatTrackerUITests.xctest */;
			productType = "com.apple.product-type.bundle.ui-testing";
		};
/* End PBXNativeTarget section */

/* Begin PBXProject section */
		4E55AF2325BD7F7A00BCE0F8 /* Project object */ = {
			isa = PBXProject;
			attributes = {
				LastSwiftUpdateCheck = 1230;
				LastUpgradeCheck = 1230;
				TargetAttributes = {
					4E55AF2A25BD7F7A00BCE0F8 = {
						CreatedOnToolsVersion = 12.3;
					};
					4E55AF4025BD7F8100BCE0F8 = {
						CreatedOnToolsVersion = 12.3;
						TestTargetID = 4E55AF2A25BD7F7A00BCE0F8;
					};
					4E55AF4B25BD7F8100BCE0F8 = {
						CreatedOnToolsVersion = 12.3;
						TestTargetID = 4E55AF2A25BD7F7A00BCE0F8;
					};
				};
			};
			buildConfigurationList = 4E55AF2625BD7F7A00BCE0F8 /* Build configuration list for PBXProject "RevenueCatTracker" */;
			compatibilityVersion = "Xcode 9.3";
			developmentRegion = en;
			hasScannedForEncodings = 0;
			knownRegions = (
				en,
				Base,
			);
			mainGroup = 4E55AF2225BD7F7A00BCE0F8;
			productRefGroup = 4E55AF2C25BD7F7A00BCE0F8 /* Products */;
			projectDirPath = "";
			projectRoot = "";
			targets = (
				4E55AF2A25BD7F7A00BCE0F8 /* RevenueCatTracker */,
				4E55AF4025BD7F8100BCE0F8 /* RevenueCatTrackerTests */,
				4E55AF4B25BD7F8100BCE0F8 /* RevenueCatTrackerUITests */,
			);
		};
/* End PBXProject section */

/* Begin PBXResourcesBuildPhase section */
		4E55AF2925BD7F7A00BCE0F8 /* Resources */ = {
			isa = PBXResourcesBuildPhase;
			buildActionMask = 2147483647;
			files = (
				4E55AF3B25BD7F8000BCE0F8 /* LaunchScreen.storyboard in Resources */,
				4E55AF3825BD7F8000BCE0F8 /* Assets.xcassets in Resources */,
			);
			runOnlyForDeploymentPostprocessing = 0;
		};
		4E55AF3F25BD7F8100BCE0F8 /* Resources */ = {
			isa = PBXResourcesBuildPhase;
			buildActionMask = 2147483647;
			files = (
			);
			runOnlyForDeploymentPostprocessing = 0;
		};
		4E55AF4A25BD7F8100BCE0F8 /* Resources */ = {
			isa = PBXResourcesBuildPhase;
			buildActionMask = 2147483647;
			files = (
			);
			runOnlyForDeploymentPostprocessing = 0;
		};
/* End PBXResourcesBuildPhase section */

/* Begin PBXShellScriptBuildPhase section */
		28892FB3399543141FD6C044 /* [CP] Check Pods Manifest.lock */ = {
			isa = PBXShellScriptBuildPhase;
			buildActionMask = 2147483647;
			files = (
			);
			inputFileListPaths = (
			);
			inputPaths = (
				"${PODS_PODFILE_DIR_PATH}/Podfile.lock",
				"${PODS_ROOT}/Manifest.lock",
			);
			name = "[CP] Check Pods Manifest.lock";
			outputFileListPaths = (
			);
			outputPaths = (
				"$(DERIVED_FILE_DIR)/Pods-RevenueCatTrackerTests-checkManifestLockResult.txt",
			);
			runOnlyForDeploymentPostprocessing = 0;
			shellPath = /bin/sh;
			shellScript = "diff \"${PODS_PODFILE_DIR_PATH}/Podfile.lock\" \"${PODS_ROOT}/Manifest.lock\" > /dev/null\nif [ $? != 0 ] ; then\n    # print error to STDERR\n    echo \"error: The sandbox is not in sync with the Podfile.lock. Run 'pod install' or update your CocoaPods installation.\" >&2\n    exit 1\nfi\n# This output is used by Xcode 'outputs' to avoid re-running this script phase.\necho \"SUCCESS\" > \"${SCRIPT_OUTPUT_FILE_0}\"\n";
			showEnvVarsInLog = 0;
		};
		40F69394D1A00F89027F1A89 /* [CP] Embed Pods Frameworks */ = {
			isa = PBXShellScriptBuildPhase;
			buildActionMask = 2147483647;
			files = (
			);
			inputFileListPaths = (
				"${PODS_ROOT}/Target Support Files/Pods-RevenueCatTracker/Pods-RevenueCatTracker-frameworks-${CONFIGURATION}-input-files.xcfilelist",
			);
			name = "[CP] Embed Pods Frameworks";
			outputFileListPaths = (
				"${PODS_ROOT}/Target Support Files/Pods-RevenueCatTracker/Pods-RevenueCatTracker-frameworks-${CONFIGURATION}-output-files.xcfilelist",
			);
			runOnlyForDeploymentPostprocessing = 0;
			shellPath = /bin/sh;
			shellScript = "\"${PODS_ROOT}/Target Support Files/Pods-RevenueCatTracker/Pods-RevenueCatTracker-frameworks.sh\"\n";
			showEnvVarsInLog = 0;
		};
		53BA0448158F4EC35481C926 /* [CP] Embed Pods Frameworks */ = {
			isa = PBXShellScriptBuildPhase;
			buildActionMask = 2147483647;
			files = (
			);
			inputFileListPaths = (
				"${PODS_ROOT}/Target Support Files/Pods-RevenueCatTracker-RevenueCatTrackerUITests/Pods-RevenueCatTracker-RevenueCatTrackerUITests-frameworks-${CONFIGURATION}-input-files.xcfilelist",
			);
			name = "[CP] Embed Pods Frameworks";
			outputFileListPaths = (
				"${PODS_ROOT}/Target Support Files/Pods-RevenueCatTracker-RevenueCatTrackerUITests/Pods-RevenueCatTracker-RevenueCatTrackerUITests-frameworks-${CONFIGURATION}-output-files.xcfilelist",
			);
			runOnlyForDeploymentPostprocessing = 0;
			shellPath = /bin/sh;
			shellScript = "\"${PODS_ROOT}/Target Support Files/Pods-RevenueCatTracker-RevenueCatTrackerUITests/Pods-RevenueCatTracker-RevenueCatTrackerUITests-frameworks.sh\"\n";
			showEnvVarsInLog = 0;
		};
		9B33350C4A194E15FA30274F /* [CP] Check Pods Manifest.lock */ = {
			isa = PBXShellScriptBuildPhase;
			buildActionMask = 2147483647;
			files = (
			);
			inputFileListPaths = (
			);
			inputPaths = (
				"${PODS_PODFILE_DIR_PATH}/Podfile.lock",
				"${PODS_ROOT}/Manifest.lock",
			);
			name = "[CP] Check Pods Manifest.lock";
			outputFileListPaths = (
			);
			outputPaths = (
				"$(DERIVED_FILE_DIR)/Pods-RevenueCatTracker-checkManifestLockResult.txt",
			);
			runOnlyForDeploymentPostprocessing = 0;
			shellPath = /bin/sh;
			shellScript = "diff \"${PODS_PODFILE_DIR_PATH}/Podfile.lock\" \"${PODS_ROOT}/Manifest.lock\" > /dev/null\nif [ $? != 0 ] ; then\n    # print error to STDERR\n    echo \"error: The sandbox is not in sync with the Podfile.lock. Run 'pod install' or update your CocoaPods installation.\" >&2\n    exit 1\nfi\n# This output is used by Xcode 'outputs' to avoid re-running this script phase.\necho \"SUCCESS\" > \"${SCRIPT_OUTPUT_FILE_0}\"\n";
			showEnvVarsInLog = 0;
		};
		ABB18B08993FDD56CBD00C8E /* [CP] Check Pods Manifest.lock */ = {
			isa = PBXShellScriptBuildPhase;
			buildActionMask = 2147483647;
			files = (
			);
			inputFileListPaths = (
			);
			inputPaths = (
				"${PODS_PODFILE_DIR_PATH}/Podfile.lock",
				"${PODS_ROOT}/Manifest.lock",
			);
			name = "[CP] Check Pods Manifest.lock";
			outputFileListPaths = (
			);
			outputPaths = (
				"$(DERIVED_FILE_DIR)/Pods-RevenueCatTracker-RevenueCatTrackerUITests-checkManifestLockResult.txt",
			);
			runOnlyForDeploymentPostprocessing = 0;
			shellPath = /bin/sh;
			shellScript = "diff \"${PODS_PODFILE_DIR_PATH}/Podfile.lock\" \"${PODS_ROOT}/Manifest.lock\" > /dev/null\nif [ $? != 0 ] ; then\n    # print error to STDERR\n    echo \"error: The sandbox is not in sync with the Podfile.lock. Run 'pod install' or update your CocoaPods installation.\" >&2\n    exit 1\nfi\n# This output is used by Xcode 'outputs' to avoid re-running this script phase.\necho \"SUCCESS\" > \"${SCRIPT_OUTPUT_FILE_0}\"\n";
			showEnvVarsInLog = 0;
		};
/* End PBXShellScriptBuildPhase section */

/* Begin PBXSourcesBuildPhase section */
		4E55AF2725BD7F7A00BCE0F8 /* Sources */ = {
			isa = PBXSourcesBuildPhase;
			buildActionMask = 2147483647;
			files = (
				4E55AF3325BD7F7A00BCE0F8 /* ViewController.swift in Sources */,
				4E55AF2F25BD7F7A00BCE0F8 /* AppDelegate.swift in Sources */,
			);
			runOnlyForDeploymentPostprocessing = 0;
		};
		4E55AF3D25BD7F8100BCE0F8 /* Sources */ = {
			isa = PBXSourcesBuildPhase;
			buildActionMask = 2147483647;
			files = (
				4E55AF4625BD7F8100BCE0F8 /* RevenueCatTrackerTests.swift in Sources */,
			);
			runOnlyForDeploymentPostprocessing = 0;
		};
		4E55AF4825BD7F8100BCE0F8 /* Sources */ = {
			isa = PBXSourcesBuildPhase;
			buildActionMask = 2147483647;
			files = (
				4E55AF5125BD7F8100BCE0F8 /* RevenueCatTrackerUITests.swift in Sources */,
			);
			runOnlyForDeploymentPostprocessing = 0;
		};
/* End PBXSourcesBuildPhase section */

/* Begin PBXTargetDependency section */
		4E55AF4325BD7F8100BCE0F8 /* PBXTargetDependency */ = {
			isa = PBXTargetDependency;
			target = 4E55AF2A25BD7F7A00BCE0F8 /* RevenueCatTracker */;
			targetProxy = 4E55AF4225BD7F8100BCE0F8 /* PBXContainerItemProxy */;
		};
		4E55AF4E25BD7F8100BCE0F8 /* PBXTargetDependency */ = {
			isa = PBXTargetDependency;
			target = 4E55AF2A25BD7F7A00BCE0F8 /* RevenueCatTracker */;
			targetProxy = 4E55AF4D25BD7F8100BCE0F8 /* PBXContainerItemProxy */;
		};
/* End PBXTargetDependency section */

/* Begin PBXVariantGroup section */
		4E55AF3925BD7F8000BCE0F8 /* LaunchScreen.storyboard */ = {
			isa = PBXVariantGroup;
			children = (
				4E55AF3A25BD7F8000BCE0F8 /* Base */,
			);
			name = LaunchScreen.storyboard;
			sourceTree = "<group>";
		};
/* End PBXVariantGroup section */

/* Begin XCBuildConfiguration section */
		4E55AF5325BD7F8100BCE0F8 /* Debug */ = {
			isa = XCBuildConfiguration;
			buildSettings = {
				ALWAYS_SEARCH_USER_PATHS = NO;
				CLANG_ANALYZER_NONNULL = YES;
				CLANG_ANALYZER_NUMBER_OBJECT_CONVERSION = YES_AGGRESSIVE;
				CLANG_CXX_LANGUAGE_STANDARD = "gnu++14";
				CLANG_CXX_LIBRARY = "libc++";
				CLANG_ENABLE_MODULES = YES;
				CLANG_ENABLE_OBJC_ARC = YES;
				CLANG_ENABLE_OBJC_WEAK = YES;
				CLANG_WARN_BLOCK_CAPTURE_AUTORELEASING = YES;
				CLANG_WARN_BOOL_CONVERSION = YES;
				CLANG_WARN_COMMA = YES;
				CLANG_WARN_CONSTANT_CONVERSION = YES;
				CLANG_WARN_DEPRECATED_OBJC_IMPLEMENTATIONS = YES;
				CLANG_WARN_DIRECT_OBJC_ISA_USAGE = YES_ERROR;
				CLANG_WARN_DOCUMENTATION_COMMENTS = YES;
				CLANG_WARN_EMPTY_BODY = YES;
				CLANG_WARN_ENUM_CONVERSION = YES;
				CLANG_WARN_INFINITE_RECURSION = YES;
				CLANG_WARN_INT_CONVERSION = YES;
				CLANG_WARN_NON_LITERAL_NULL_CONVERSION = YES;
				CLANG_WARN_OBJC_IMPLICIT_RETAIN_SELF = YES;
				CLANG_WARN_OBJC_LITERAL_CONVERSION = YES;
				CLANG_WARN_OBJC_ROOT_CLASS = YES_ERROR;
				CLANG_WARN_QUOTED_INCLUDE_IN_FRAMEWORK_HEADER = YES;
				CLANG_WARN_RANGE_LOOP_ANALYSIS = YES;
				CLANG_WARN_STRICT_PROTOTYPES = YES;
				CLANG_WARN_SUSPICIOUS_MOVE = YES;
				CLANG_WARN_UNGUARDED_AVAILABILITY = YES_AGGRESSIVE;
				CLANG_WARN_UNREACHABLE_CODE = YES;
				CLANG_WARN__DUPLICATE_METHOD_MATCH = YES;
				COPY_PHASE_STRIP = NO;
				DEBUG_INFORMATION_FORMAT = dwarf;
				ENABLE_STRICT_OBJC_MSGSEND = YES;
				ENABLE_TESTABILITY = YES;
				GCC_C_LANGUAGE_STANDARD = gnu11;
				GCC_DYNAMIC_NO_PIC = NO;
				GCC_NO_COMMON_BLOCKS = YES;
				GCC_OPTIMIZATION_LEVEL = 0;
				GCC_PREPROCESSOR_DEFINITIONS = (
					"DEBUG=1",
					"$(inherited)",
				);
				GCC_WARN_64_TO_32_BIT_CONVERSION = YES;
				GCC_WARN_ABOUT_RETURN_TYPE = YES_ERROR;
				GCC_WARN_UNDECLARED_SELECTOR = YES;
				GCC_WARN_UNINITIALIZED_AUTOS = YES_AGGRESSIVE;
				GCC_WARN_UNUSED_FUNCTION = YES;
				GCC_WARN_UNUSED_VARIABLE = YES;
				IPHONEOS_DEPLOYMENT_TARGET = 14.3;
				MTL_ENABLE_DEBUG_INFO = INCLUDE_SOURCE;
				MTL_FAST_MATH = YES;
				ONLY_ACTIVE_ARCH = YES;
				SDKROOT = iphoneos;
				SWIFT_ACTIVE_COMPILATION_CONDITIONS = DEBUG;
				SWIFT_OPTIMIZATION_LEVEL = "-Onone";
			};
			name = Debug;
		};
		4E55AF5425BD7F8100BCE0F8 /* Release */ = {
			isa = XCBuildConfiguration;
			buildSettings = {
				ALWAYS_SEARCH_USER_PATHS = NO;
				CLANG_ANALYZER_NONNULL = YES;
				CLANG_ANALYZER_NUMBER_OBJECT_CONVERSION = YES_AGGRESSIVE;
				CLANG_CXX_LANGUAGE_STANDARD = "gnu++14";
				CLANG_CXX_LIBRARY = "libc++";
				CLANG_ENABLE_MODULES = YES;
				CLANG_ENABLE_OBJC_ARC = YES;
				CLANG_ENABLE_OBJC_WEAK = YES;
				CLANG_WARN_BLOCK_CAPTURE_AUTORELEASING = YES;
				CLANG_WARN_BOOL_CONVERSION = YES;
				CLANG_WARN_COMMA = YES;
				CLANG_WARN_CONSTANT_CONVERSION = YES;
				CLANG_WARN_DEPRECATED_OBJC_IMPLEMENTATIONS = YES;
				CLANG_WARN_DIRECT_OBJC_ISA_USAGE = YES_ERROR;
				CLANG_WARN_DOCUMENTATION_COMMENTS = YES;
				CLANG_WARN_EMPTY_BODY = YES;
				CLANG_WARN_ENUM_CONVERSION = YES;
				CLANG_WARN_INFINITE_RECURSION = YES;
				CLANG_WARN_INT_CONVERSION = YES;
				CLANG_WARN_NON_LITERAL_NULL_CONVERSION = YES;
				CLANG_WARN_OBJC_IMPLICIT_RETAIN_SELF = YES;
				CLANG_WARN_OBJC_LITERAL_CONVERSION = YES;
				CLANG_WARN_OBJC_ROOT_CLASS = YES_ERROR;
				CLANG_WARN_QUOTED_INCLUDE_IN_FRAMEWORK_HEADER = YES;
				CLANG_WARN_RANGE_LOOP_ANALYSIS = YES;
				CLANG_WARN_STRICT_PROTOTYPES = YES;
				CLANG_WARN_SUSPICIOUS_MOVE = YES;
				CLANG_WARN_UNGUARDED_AVAILABILITY = YES_AGGRESSIVE;
				CLANG_WARN_UNREACHABLE_CODE = YES;
				CLANG_WARN__DUPLICATE_METHOD_MATCH = YES;
				COPY_PHASE_STRIP = NO;
				DEBUG_INFORMATION_FORMAT = "dwarf-with-dsym";
				ENABLE_NS_ASSERTIONS = NO;
				ENABLE_STRICT_OBJC_MSGSEND = YES;
				GCC_C_LANGUAGE_STANDARD = gnu11;
				GCC_NO_COMMON_BLOCKS = YES;
				GCC_WARN_64_TO_32_BIT_CONVERSION = YES;
				GCC_WARN_ABOUT_RETURN_TYPE = YES_ERROR;
				GCC_WARN_UNDECLARED_SELECTOR = YES;
				GCC_WARN_UNINITIALIZED_AUTOS = YES_AGGRESSIVE;
				GCC_WARN_UNUSED_FUNCTION = YES;
				GCC_WARN_UNUSED_VARIABLE = YES;
				IPHONEOS_DEPLOYMENT_TARGET = 14.3;
				MTL_ENABLE_DEBUG_INFO = NO;
				MTL_FAST_MATH = YES;
				SDKROOT = iphoneos;
				SWIFT_COMPILATION_MODE = wholemodule;
				SWIFT_OPTIMIZATION_LEVEL = "-O";
				VALIDATE_PRODUCT = YES;
			};
			name = Release;
		};
		4E55AF5625BD7F8100BCE0F8 /* Debug */ = {
			isa = XCBuildConfiguration;
			baseConfigurationReference = 2085B164EAA783E4464B383B /* Pods-RevenueCatTracker.debug.xcconfig */;
			buildSettings = {
				ASSETCATALOG_COMPILER_APPICON_NAME = AppIcon;
				ASSETCATALOG_COMPILER_GLOBAL_ACCENT_COLOR_NAME = AccentColor;
				CODE_SIGN_STYLE = Automatic;
				DEVELOPMENT_TEAM = 26GTMYT47V;
				INFOPLIST_FILE = RevenueCatTracker/Info.plist;
				LD_RUNPATH_SEARCH_PATHS = (
					"$(inherited)",
					"@executable_path/Frameworks",
				);
				PRODUCT_BUNDLE_IDENTIFIER = JCS.RevenueCatTracker;
				PRODUCT_NAME = "$(TARGET_NAME)";
				SWIFT_VERSION = 5.0;
				TARGETED_DEVICE_FAMILY = "1,2";
			};
			name = Debug;
		};
		4E55AF5725BD7F8100BCE0F8 /* Release */ = {
			isa = XCBuildConfiguration;
			baseConfigurationReference = E971FAF4A23965407119A975 /* Pods-RevenueCatTracker.release.xcconfig */;
			buildSettings = {
				ASSETCATALOG_COMPILER_APPICON_NAME = AppIcon;
				ASSETCATALOG_COMPILER_GLOBAL_ACCENT_COLOR_NAME = AccentColor;
				CODE_SIGN_STYLE = Automatic;
				DEVELOPMENT_TEAM = 26GTMYT47V;
				INFOPLIST_FILE = RevenueCatTracker/Info.plist;
				LD_RUNPATH_SEARCH_PATHS = (
					"$(inherited)",
					"@executable_path/Frameworks",
				);
				PRODUCT_BUNDLE_IDENTIFIER = JCS.RevenueCatTracker;
				PRODUCT_NAME = "$(TARGET_NAME)";
				SWIFT_VERSION = 5.0;
				TARGETED_DEVICE_FAMILY = "1,2";
			};
			name = Release;
		};
		4E55AF5925BD7F8100BCE0F8 /* Debug */ = {
			isa = XCBuildConfiguration;
			baseConfigurationReference = F644D123E3A0FDFF6498A497 /* Pods-RevenueCatTrackerTests.debug.xcconfig */;
			buildSettings = {
				ALWAYS_EMBED_SWIFT_STANDARD_LIBRARIES = YES;
				BUNDLE_LOADER = "$(TEST_HOST)";
				CODE_SIGN_STYLE = Automatic;
				DEVELOPMENT_TEAM = 26GTMYT47V;
				INFOPLIST_FILE = RevenueCatTrackerTests/Info.plist;
				IPHONEOS_DEPLOYMENT_TARGET = 14.3;
				LD_RUNPATH_SEARCH_PATHS = (
					"$(inherited)",
					"@executable_path/Frameworks",
					"@loader_path/Frameworks",
				);
				PRODUCT_BUNDLE_IDENTIFIER = JCS.RevenueCatTrackerTests;
				PRODUCT_NAME = "$(TARGET_NAME)";
				SWIFT_VERSION = 5.0;
				TARGETED_DEVICE_FAMILY = "1,2";
				TEST_HOST = "$(BUILT_PRODUCTS_DIR)/RevenueCatTracker.app/RevenueCatTracker";
			};
			name = Debug;
		};
		4E55AF5A25BD7F8100BCE0F8 /* Release */ = {
			isa = XCBuildConfiguration;
			baseConfigurationReference = 4B46DE55B29BBA87EF63822F /* Pods-RevenueCatTrackerTests.release.xcconfig */;
			buildSettings = {
				ALWAYS_EMBED_SWIFT_STANDARD_LIBRARIES = YES;
				BUNDLE_LOADER = "$(TEST_HOST)";
				CODE_SIGN_STYLE = Automatic;
				DEVELOPMENT_TEAM = 26GTMYT47V;
				INFOPLIST_FILE = RevenueCatTrackerTests/Info.plist;
				IPHONEOS_DEPLOYMENT_TARGET = 14.3;
				LD_RUNPATH_SEARCH_PATHS = (
					"$(inherited)",
					"@executable_path/Frameworks",
					"@loader_path/Frameworks",
				);
				PRODUCT_BUNDLE_IDENTIFIER = JCS.RevenueCatTrackerTests;
				PRODUCT_NAME = "$(TARGET_NAME)";
				SWIFT_VERSION = 5.0;
				TARGETED_DEVICE_FAMILY = "1,2";
				TEST_HOST = "$(BUILT_PRODUCTS_DIR)/RevenueCatTracker.app/RevenueCatTracker";
			};
			name = Release;
		};
		4E55AF5C25BD7F8100BCE0F8 /* Debug */ = {
			isa = XCBuildConfiguration;
			baseConfigurationReference = E1677EFC813357B03C2175E8 /* Pods-RevenueCatTracker-RevenueCatTrackerUITests.debug.xcconfig */;
			buildSettings = {
				ALWAYS_EMBED_SWIFT_STANDARD_LIBRARIES = YES;
				CODE_SIGN_STYLE = Automatic;
				DEVELOPMENT_TEAM = 26GTMYT47V;
				INFOPLIST_FILE = RevenueCatTrackerUITests/Info.plist;
				LD_RUNPATH_SEARCH_PATHS = (
					"$(inherited)",
					"@executable_path/Frameworks",
					"@loader_path/Frameworks",
				);
				PRODUCT_BUNDLE_IDENTIFIER = JCS.RevenueCatTrackerUITests;
				PRODUCT_NAME = "$(TARGET_NAME)";
				SWIFT_VERSION = 5.0;
				TARGETED_DEVICE_FAMILY = "1,2";
				TEST_TARGET_NAME = RevenueCatTracker;
			};
			name = Debug;
		};
		4E55AF5D25BD7F8100BCE0F8 /* Release */ = {
			isa = XCBuildConfiguration;
			baseConfigurationReference = 13106D027660232042528343 /* Pods-RevenueCatTracker-RevenueCatTrackerUITests.release.xcconfig */;
			buildSettings = {
				ALWAYS_EMBED_SWIFT_STANDARD_LIBRARIES = YES;
				CODE_SIGN_STYLE = Automatic;
				DEVELOPMENT_TEAM = 26GTMYT47V;
				INFOPLIST_FILE = RevenueCatTrackerUITests/Info.plist;
				LD_RUNPATH_SEARCH_PATHS = (
					"$(inherited)",
					"@executable_path/Frameworks",
					"@loader_path/Frameworks",
				);
				PRODUCT_BUNDLE_IDENTIFIER = JCS.RevenueCatTrackerUITests;
				PRODUCT_NAME = "$(TARGET_NAME)";
				SWIFT_VERSION = 5.0;
				TARGETED_DEVICE_FAMILY = "1,2";
				TEST_TARGET_NAME = RevenueCatTracker;
			};
			name = Release;
		};
/* End XCBuildConfiguration section */

/* Begin XCConfigurationList section */
		4E55AF2625BD7F7A00BCE0F8 /* Build configuration list for PBXProject "RevenueCatTracker" */ = {
			isa = XCConfigurationList;
			buildConfigurations = (
				4E55AF5325BD7F8100BCE0F8 /* Debug */,
				4E55AF5425BD7F8100BCE0F8 /* Release */,
			);
			defaultConfigurationIsVisible = 0;
			defaultConfigurationName = Release;
		};
		4E55AF5525BD7F8100BCE0F8 /* Build configuration list for PBXNativeTarget "RevenueCatTracker" */ = {
			isa = XCConfigurationList;
			buildConfigurations = (
				4E55AF5625BD7F8100BCE0F8 /* Debug */,
				4E55AF5725BD7F8100BCE0F8 /* Release */,
			);
			defaultConfigurationIsVisible = 0;
			defaultConfigurationName = Release;
		};
		4E55AF5825BD7F8100BCE0F8 /* Build configuration list for PBXNativeTarget "RevenueCatTrackerTests" */ = {
			isa = XCConfigurationList;
			buildConfigurations = (
				4E55AF5925BD7F8100BCE0F8 /* Debug */,
				4E55AF5A25BD7F8100BCE0F8 /* Release */,
			);
			defaultConfigurationIsVisible = 0;
			defaultConfigurationName = Release;
		};
		4E55AF5B25BD7F8100BCE0F8 /* Build configuration list for PBXNativeTarget "RevenueCatTrackerUITests" */ = {
			isa = XCConfigurationList;
			buildConfigurations = (
				4E55AF5C25BD7F8100BCE0F8 /* Debug */,
				4E55AF5D25BD7F8100BCE0F8 /* Release */,
			);
			defaultConfigurationIsVisible = 0;
			defaultConfigurationName = Release;
		};
/* End XCConfigurationList section */
	};
	rootObject = 4E55AF2325BD7F7A00BCE0F8 /* Project object */;
}
